
Microsoft Visual Studio Solution File, Format Version 12.00
# Visual Studio Version 16
VisualStudioVersion = 16.0.30114.105
MinimumVisualStudioVersion = 10.0.40219.1
Project("{FAE04EC0-301F-11D3-BF4B-00C04F79EFBC}") = "AluguelCarro", "AluguelCarro\AluguelCarro.csproj", "{62C9BC57-9971-4140-9F07-36FCA5C7B8C4}"
EndProject
Global
	GlobalSection(SolutionConfigurationPlatforms) = preSolution
		Debug|Any CPU = Debug|Any CPU
		Release|Any CPU = Release|Any CPU
	EndGlobalSection
	GlobalSection(ProjectConfigurationPlatforms) = postSolution
		{62C9BC57-9971-4140-9F07-36FCA5C7B8C4}.Debug|Any CPU.ActiveCfg = Debug|Any CPU
		{62C9BC57-9971-4140-9F07-36FCA5C7B8C4}.Debug|Any CPU.Build.0 = Debug|Any CPU
		{62C9BC57-9971-4140-9F07-36FCA5C7B8C4}.Release|Any CPU.ActiveCfg = Release|Any CPU
		{62C9BC57-9971-4140-9F07-36FCA5C7B8C4}.Release|Any CPU.Build.0 = Release|Any CPU
	EndGlobalSection
	GlobalSection(SolutionProperties) = preSolution
		HideSolutionNode = FALSE
	EndGlobalSection
	GlobalSection(ExtensibilityGlobals) = postSolution
		SolutionGuid = {699FAB6D-C5E3-4B79-AD16-DC854A989F73}
	EndGlobalSection
EndGlobal
